{
  "name": "pipeline_refactored",
  "lockfileVersion": 3,
  "requires": true,
  "packages": {
    "": {
      "dependencies": {
        "@openai/codex-sdk": "^0.88.0"
      }
    },
    "node_modules/@openai/codex-sdk": {
      "version": "0.88.0",
      "resolved": "https://registry.npmjs.org/@openai/codex-sdk/-/codex-sdk-0.88.0.tgz",
      "integrity": "sha512-EzW86JHyv94WBKpS6jhOHvrLIc2xNzinzjGk/+LzarAMwD8U2QNryQx7mxI7aWd5spANrlaX3j/rG7/db8oe3w==",
      "license": "Apache-2.0",
      "engines": {
        "node": ">=18"
      }
    }
  }
}
